
Microsoft Visual Studio Solution File, Format Version 12.00
# Visual Studio Version 17
VisualStudioVersion = 17.14.36811.4 d17.14
MinimumVisualStudioVersion = 10.0.40219.1
Project("{FAE04EC0-301F-11D3-BF4B-00C04F79EFBC}") = "ClassHub", "ClassHub.csproj", "{82849D8F-0B08-E061-EFE3-4DE97C678D4E}"
EndProject
Global
	GlobalSection(SolutionConfigurationPlatforms) = preSolution
		Debug|Any CPU = Debug|Any CPU
		Release|Any CPU = Release|Any CPU
	EndGlobalSection
	GlobalSection(ProjectConfigurationPlatforms) = postSolution
		{82849D8F-0B08-E061-EFE3-4DE97C678D4E}.Debug|Any CPU.ActiveCfg = Debug|Any CPU
		{82849D8F-0B08-E061-EFE3-4DE97C678D4E}.Debug|Any CPU.Build.0 = Debug|Any CPU
		{82849D8F-0B08-E061-EFE3-4DE97C678D4E}.Release|Any CPU.ActiveCfg = Release|Any CPU
		{82849D8F-0B08-E061-EFE3-4DE97C678D4E}.Release|Any CPU.Build.0 = Release|Any CPU
	EndGlobalSection
	GlobalSection(SolutionProperties) = preSolution
		HideSolutionNode = FALSE
	EndGlobalSection
	GlobalSection(ExtensibilityGlobals) = postSolution
		SolutionGuid = {61006430-A044-4086-8027-656250AE9BDD}
	EndGlobalSection
EndGlobal
